# THIS IS AN AUTOGENERATED FILE. DO NOT EDIT THIS FILE DIRECTLY.
# yarn lockfile v1


"camelcase@^5.0.0":
  "integrity" "sha512-L28STB170nwWS63UjtlEOE3dldQApaJXZkOI1uMFfzf3rRuPegHaHesyee+YxQ+W6SvRDQV6UrdOdRiR153wJg=="
  "resolved" "https://registry.yarnpkg.com/camelcase/-/camelcase-5.3.1.tgz"
  "version" "5.3.1"

"decamelize@^1.2.0":
  "integrity" "sha1-9lNNFRSCabIDUue+4m9QH5oZEpA="
  "resolved" "https://registry.yarnpkg.com/decamelize/-/decamelize-1.2.0.tgz"
  "version" "1.2.0"

"node-forge@^0.10.0":
  "integrity" "sha512-PPmu8eEeG9saEUvI97fm4OYxXVB6bFvyNTyiUOBichBpFG8A1Ljw3bY62+5oOjDEMHRnd0Y7HQ+x7uzxOzC6JA=="
  "resolved" "https://registry.yarnpkg.com/node-forge/-/node-forge-0.10.0.tgz"
  "version" "0.10.0"

"yargs-parser@^13.1.2":
  "integrity" "sha512-3lbsNRf/j+A4QuSZfDRA7HRSfWrzO0YjqTJd5kjAq37Zep1CEgaYmrH9Q3GwPiB9cHyd1Y1UwggGhJGoxipbzg=="
  "resolved" "https://registry.yarnpkg.com/yargs-parser/-/yargs-parser-13.1.2.tgz"
  "version" "13.1.2"
  dependencies:
    "camelcase" "^5.0.0"
    "decamelize" "^1.2.0"
